{
  "name": "ngx-uswds-lib",
  "version": "0.0.1",
  "lockfileVersion": 3,
  "requires": true,
  "packages": {
    "": {
      "name": "ngx-uswds-lib",
      "version": "0.0.1",
      "dependencies": {
        "tslib": "^2.3.0"
      },
      "peerDependencies": {
        "@angular/common": "^21.0.0",
        "@angular/core": "^21.0.0",
        "@uswds/uswds": "^3.13.0"
      }
    },
    "node_modules/@angular/common": {
      "version": "21.0.8",
      "resolved": "https://registry.npmjs.org/@angular/common/-/common-21.0.8.tgz",
      "integrity": "sha512-on1B4oc/pf7IlkbG08Et/cCDSX8dpZz9iwp3zMFN/0JvorspyL5YOovFJfjdpmjdlrIi+ToGImwyIkY9P8Mblw==",
      "license": "MIT",
      "peer": true,
      "dependencies": {
        "tslib": "^2.3.0"
      },
      "engines": {
        "node": "^20.19.0 || ^22.12.0 || >=24.0.0"
      },
      "peerDependencies": {
        "@angular/core": "21.0.8",
        "rxjs": "^6.5.3 || ^7.4.0"
      }
    },
    "node_modules/@angular/core": {
      "version": "21.0.8",
      "resolved": "https://registry.npmjs.org/@angular/core/-/core-21.0.8.tgz",
      "integrity": "sha512-8dNolIQn8WHrD3PsqGuPrujxDX5hjpMbioifIByjjX9yaJy9on7AewVGb8m/DHVwWQ1eGVAGmvW9wt+h+nlzLg==",
      "license": "MIT",
      "peer": true,
      "dependencies": {
        "tslib": "^2.3.0"
      },
      "engines": {
        "node": "^20.19.0 || ^22.12.0 || >=24.0.0"
      },
      "peerDependencies": {
        "@angular/compiler": "21.0.8",
        "rxjs": "^6.5.3 || ^7.4.0",
        "zone.js": "~0.15.0 || ~0.16.0"
      },
      "peerDependenciesMeta": {
        "@angular/compiler": {
          "optional": true
        },
        "zone.js": {
          "optional": true
        }
      }
    },
    "node_modules/@lit-labs/ssr-dom-shim": {
      "version": "1.4.0",
      "license": "BSD-3-Clause",
      "peer": true
    },
    "node_modules/@lit/reactive-element": {
      "version": "2.1.1",
      "license": "BSD-3-Clause",
      "peer": true,
      "dependencies": {
        "@lit-labs/ssr-dom-shim": "^1.4.0"
      }
    },
    "node_modules/@types/trusted-types": {
      "version": "2.0.7",
      "license": "MIT",
      "peer": true
    },
    "node_modules/@uswds/uswds": {
      "version": "3.13.0",
      "resolved": "https://registry.npmjs.org/@uswds/uswds/-/uswds-3.13.0.tgz",
      "integrity": "sha512-8P494gmXv/0sm09ExSdj8wAMjGLnM7UMRY/XgsMIRKnWfDXG+TyuCOKIuD4lqs+gLvSmi1nTQKyd0c0/A7VWJQ==",
      "license": "SEE LICENSE IN LICENSE.md",
      "peer": true,
      "dependencies": {
        "lit": "^3.2.1",
        "receptor": "1.0.0"
      },
      "engines": {
        "node": ">= 4"
      },
      "optionalDependencies": {
        "sass-embedded-linux-x64": "^1.89.0"
      }
    },
    "node_modules/element-closest": {
      "version": "2.0.2",
      "license": "CC0-1.0",
      "peer": true,
      "engines": {
        "node": ">=4.0.0"
      }
    },
    "node_modules/keyboardevent-key-polyfill": {
      "version": "1.1.0",
      "license": "CC0-1.0",
      "peer": true
    },
    "node_modules/lit": {
      "version": "3.3.1",
      "license": "BSD-3-Clause",
      "peer": true,
      "dependencies": {
        "@lit/reactive-element": "^2.1.0",
        "lit-element": "^4.2.0",
        "lit-html": "^3.3.0"
      }
    },
    "node_modules/lit-element": {
      "version": "4.2.1",
      "license": "BSD-3-Clause",
      "peer": true,
      "dependencies": {
        "@lit-labs/ssr-dom-shim": "^1.4.0",
        "@lit/reactive-element": "^2.1.0",
        "lit-html": "^3.3.0"
      }
    },
    "node_modules/lit-html": {
      "version": "3.3.1",
      "license": "BSD-3-Clause",
      "peer": true,
      "dependencies": {
        "@types/trusted-types": "^2.0.2"
      }
    },
    "node_modules/matches-selector": {
      "version": "1.2.0",
      "license": "MIT",
      "peer": true
    },
    "node_modules/object-assign": {
      "version": "4.1.1",
      "license": "MIT",
      "peer": true,
      "engines": {
        "node": ">=0.10.0"
      }
    },
    "node_modules/receptor": {
      "version": "1.0.0",
      "license": "CC0-1.0",
      "peer": true,
      "dependencies": {
        "element-closest": "^2.0.1",
        "keyboardevent-key-polyfill": "^1.0.2",
        "matches-selector": "^1.0.0",
        "object-assign": "^4.1.0"
      }
    },
    "node_modules/rxjs": {
      "version": "7.8.2",
      "license": "Apache-2.0",
      "peer": true,
      "dependencies": {
        "tslib": "^2.1.0"
      }
    },
    "node_modules/sass-embedded-linux-x64": {
      "version": "1.96.0",
      "resolved": "https://registry.npmjs.org/sass-embedded-linux-x64/-/sass-embedded-linux-x64-1.96.0.tgz",
      "integrity": "sha512-U4GROkS0XM6ekqs/ubroWwFAGY9N35wqrt5q6Y+MJCpTK5bHPHlgFo7J75ZUSaEObL+UrDqvMDQkCdYEFiiQbg==",
      "cpu": [
        "x64"
      ],
      "license": "MIT",
      "optional": true,
      "os": [
        "linux"
      ],
      "peer": true,
      "engines": {
        "node": ">=14.0.0"
      }
    },
    "node_modules/tslib": {
      "version": "2.8.1",
      "license": "0BSD"
    }
  }
}
